{
  "object": {
    "pins": [
      {
        "package": "Then",
        "repositoryURL": "https://github.com/devxoul/Then",
        "state": {
          "branch": null,
          "revision": "e421a7b3440a271834337694e6050133a3958bc7",
          "version": "2.7.0"
        }
      },
      {
        "package": "UIKitExtensions",
        "repositoryURL": "https://github.com/RocketLaunchpad/UIKitExtensions",
        "state": {
          "branch": null,
          "revision": "897c08345d314eae8d1ed3b00d192e6d6ab50f0d",
          "version": "1.0.5"
        }
      }
    ]
  },
  "version": 1
}
